
Microsoft Visual Studio Solution File, Format Version 12.00
# Visual Studio Version 17
VisualStudioVersion = 17.12.35521.163 d17.12
MinimumVisualStudioVersion = 10.0.40219.1
Project("{FAE04EC0-301F-11D3-BF4B-00C04F79EFBC}") = "Tyuiu.VazheninaMA.Lab2.Review.V5", "Tyuiu.VazheninaMA.Lab2.Review\Tyuiu.VazheninaMA.Lab2.Review.V5.csproj", "{BCBDE72B-2041-49FA-92E5-F0168739A03D}"
EndProject
Project("{2150E333-8FDC-42A3-9474-1A3956D46DE8}") = "lab2", "lab2", "{6071DDCE-3907-4D8D-8829-0DD47B3B7B9B}"
EndProject
Project("{FAE04EC0-301F-11D3-BF4B-00C04F79EFBC}") = "Tyuiu.VazheninaMA.Lab2.Review.V5.Lib", "Tyuiu.VazheninaMA.Lab2.Review.V5.Lib\Tyuiu.VazheninaMA.Lab2.Review.V5.Lib.csproj", "{D0620CB8-AC27-4785-BE80-4F145145C17A}"
EndProject
Project("{FAE04EC0-301F-11D3-BF4B-00C04F79EFBC}") = "Tyuiu.VazheninaMA.Lab2.Review.V5.Test", "Tyuiu.VazheninaMA.Lab2.Review.V5.Test\Tyuiu.VazheninaMA.Lab2.Review.V5.Test.csproj", "{FC1134C5-BC00-4097-96B2-9EBCBDF5D1E4}"
EndProject
Global
	GlobalSection(SolutionConfigurationPlatforms) = preSolution
		Debug|Any CPU = Debug|Any CPU
		Release|Any CPU = Release|Any CPU
	EndGlobalSection
	GlobalSection(ProjectConfigurationPlatforms) = postSolution
		{BCBDE72B-2041-49FA-92E5-F0168739A03D}.Debug|Any CPU.ActiveCfg = Debug|Any CPU
		{BCBDE72B-2041-49FA-92E5-F0168739A03D}.Debug|Any CPU.Build.0 = Debug|Any CPU
		{BCBDE72B-2041-49FA-92E5-F0168739A03D}.Release|Any CPU.ActiveCfg = Release|Any CPU
		{BCBDE72B-2041-49FA-92E5-F0168739A03D}.Release|Any CPU.Build.0 = Release|Any CPU
		{D0620CB8-AC27-4785-BE80-4F145145C17A}.Debug|Any CPU.ActiveCfg = Debug|Any CPU
		{D0620CB8-AC27-4785-BE80-4F145145C17A}.Debug|Any CPU.Build.0 = Debug|Any CPU
		{D0620CB8-AC27-4785-BE80-4F145145C17A}.Release|Any CPU.ActiveCfg = Release|Any CPU
		{D0620CB8-AC27-4785-BE80-4F145145C17A}.Release|Any CPU.Build.0 = Release|Any CPU
		{FC1134C5-BC00-4097-96B2-9EBCBDF5D1E4}.Debug|Any CPU.ActiveCfg = Debug|Any CPU
		{FC1134C5-BC00-4097-96B2-9EBCBDF5D1E4}.Debug|Any CPU.Build.0 = Debug|Any CPU
		{FC1134C5-BC00-4097-96B2-9EBCBDF5D1E4}.Release|Any CPU.ActiveCfg = Release|Any CPU
		{FC1134C5-BC00-4097-96B2-9EBCBDF5D1E4}.Release|Any CPU.Build.0 = Release|Any CPU
	EndGlobalSection
	GlobalSection(SolutionProperties) = preSolution
		HideSolutionNode = FALSE
	EndGlobalSection
	GlobalSection(NestedProjects) = preSolution
		{D0620CB8-AC27-4785-BE80-4F145145C17A} = {6071DDCE-3907-4D8D-8829-0DD47B3B7B9B}
		{FC1134C5-BC00-4097-96B2-9EBCBDF5D1E4} = {6071DDCE-3907-4D8D-8829-0DD47B3B7B9B}
	EndGlobalSection
EndGlobal
